<?xml version="1.0" encoding="utf-8"?>
<Project ToolsVersion="4.0" xmlns="http://schemas.microsoft.com/developer/msbuild/2003">
  <ItemGroup>
    <Filter Include="Source Files">
      <UniqueIdentifier>{4FC737F1-C7A5-4376-A066-2A32D752A2FF}</UniqueIdentifier>
      <Extensions>cpp;c;cc;cxx;def;odl;idl;hpj;bat;asm;asmx</Extensions>
    </Filter>
    <Filter Include="Header Files">
      <UniqueIdentifier>{93995380-89BD-4b04-88EB-625FBE52EBFB}</UniqueIdentifier>
      <Extensions>h;hh;hpp;hxx;hm;inl;inc;xsd</Extensions>
    </Filter>
    <Filter Include="Resource Files">
      <UniqueIdentifier>{67DA6AB6-F800-4c08-8B7A-83BB121AAD01}</UniqueIdentifier>
      <Extensions>rc;ico;cur;bmp;dlg;rc2;rct;bin;rgs;gif;jpg;jpeg;jpe;resx;tiff;tif;png;wav;mfcribbon-ms</Extensions>
    </Filter>
    <Filter Include="Common">
      <UniqueIdentifier>{0ae204ae-c059-4fbe-8770-f87437e29820}</UniqueIdentifier>
    </Filter>
    <Filter Include="Common\Header Files">
      <UniqueIdentifier>{476cddf2-ae12-4e45-b9f8-0616c15b1b65}</UniqueIdentifier>
    </Filter>
    <Filter Include="Common\Source Files">
      <UniqueIdentifier>{190826d1-ad85-41fb-a636-b8bbe714c307}</UniqueIdentifier>
    </Filter>
  </ItemGroup>
  <ItemGroup>
    <ClCompile Include="main_mine.cpp">
      <Filter>Source Files</Filter>
    </ClCompile>
    <ClCompile Include="..\common\EulerCamera.cpp">
      <Filter>Common\Source Files</Filter>
    </ClCompile>
    <ClCompile Include="..\common\Forces.cpp">
      <Filter>Common\Source Files</Filter>
    </ClCompile>
    <ClCompile Include="..\common\Particle.cpp">
      <Filter>Common\Source Files</Filter>
    </ClCompile>
    <ClCompile Include="..\common\ParticleSystem.cpp">
      <Filter>Common\Source Files</Filter>
    </ClCompile>
    <ClCompile Include="..\common\RigidBody.cpp">
      <Filter>Common\Source Files</Filter>
    </ClCompile>
    <ClCompile Include="..\common\RigidBodySystem.cpp">
      <Filter>Common\Source Files</Filter>
    </ClCompile>
    <ClCompile Include="..\common\SingleMeshLoader.cpp">
      <Filter>Common\Source Files</Filter>
    </ClCompile>
    <ClCompile Include="..\common\text.cpp">
      <Filter>Common\Source Files</Filter>
    </ClCompile>
  </ItemGroup>
  <ItemGroup>
    <ClInclude Include="Particle.h">
      <Filter>Header Files</Filter>
    </ClInclude>
    <ClInclude Include="..\common\Collision.h">
      <Filter>Common\Header Files</Filter>
    </ClInclude>
    <ClInclude Include="..\common\Defines.h">
      <Filter>Common\Header Files</Filter>
    </ClInclude>
    <ClInclude Include="..\common\EulerCamera.h">
      <Filter>Common\Header Files</Filter>
    </ClInclude>
    <ClInclude Include="..\common\Forces.h">
      <Filter>Common\Header Files</Filter>
    </ClInclude>
    <ClInclude Include="..\common\Framebuffer.h">
      <Filter>Common\Header Files</Filter>
    </ClInclude>
    <ClInclude Include="..\common\Particle.h">
      <Filter>Common\Header Files</Filter>
    </ClInclude>
    <ClInclude Include="..\common\ParticleSystem.h">
      <Filter>Common\Header Files</Filter>
    </ClInclude>
    <ClInclude Include="..\common\RigidBody.h">
      <Filter>Common\Header Files</Filter>
    </ClInclude>
    <ClInclude Include="..\common\RigidBodySystem.h">
      <Filter>Common\Header Files</Filter>
    </ClInclude>
    <ClInclude Include="..\common\SingleMeshLoader.h">
      <Filter>Common\Header Files</Filter>
    </ClInclude>
    <ClInclude Include="..\common\Shader.h">
      <Filter>Common\Header Files</Filter>
    </ClInclude>
    <ClInclude Include="..\common\stb_image.h">
      <Filter>Common\Header Files</Filter>
    </ClInclude>
    <ClInclude Include="..\common\teapot.h">
      <Filter>Common\Header Files</Filter>
    </ClInclude>
    <ClInclude Include="..\common\text.h">
      <Filter>Common\Header Files</Filter>
    </ClInclude>
    <ClInclude Include="..\common\Texture.h">
      <Filter>Common\Header Files</Filter>
    </ClInclude>
    <ClInclude Include="..\common\Utilities.h">
      <Filter>Common\Header Files</Filter>
    </ClInclude>
  </ItemGroup>
</Project>