<?xml version="1.0" encoding="utf-8"?>
<Project ToolsVersion="4.0" xmlns="http://schemas.microsoft.com/developer/msbuild/2003">
  <ItemGroup>
    <Filter Include="Source Files">
      <UniqueIdentifier>{4FC737F1-C7A5-4376-A066-2A32D752A2FF}</UniqueIdentifier>
      <Extensions>cpp;c;cc;cxx;def;odl;idl;hpj;bat;asm;asmx</Extensions>
    </Filter>
    <Filter Include="Resource Files">
      <UniqueIdentifier>{67DA6AB6-F800-4c08-8B7A-83BB121AAD01}</UniqueIdentifier>
      <Extensions>rc;ico;cur;bmp;dlg;rc2;rct;bin;rgs;gif;jpg;jpeg;jpe;resx;tiff;tif;png;wav;mfcribbon-ms</Extensions>
    </Filter>
    <Filter Include="common">
      <UniqueIdentifier>{c7f5607b-c2e9-4532-bc7d-db689b474bee}</UniqueIdentifier>
    </Filter>
    <Filter Include="common\Header Files">
      <UniqueIdentifier>{ad8e1dc2-f1c0-483f-ada6-f3e6d1c93f91}</UniqueIdentifier>
    </Filter>
    <Filter Include="common\Source Files">
      <UniqueIdentifier>{7ecc7f97-d0f8-43fc-a571-bfe6181e0784}</UniqueIdentifier>
    </Filter>
    <Filter Include="Header Files">
      <UniqueIdentifier>{93995380-89BD-4b04-88EB-625FBE52EBFB}</UniqueIdentifier>
      <Extensions>h;hh;hpp;hxx;hm;inl;inc;xsd</Extensions>
    </Filter>
  </ItemGroup>
  <ItemGroup>
    <ClCompile Include="main.cpp">
      <Filter>Source Files</Filter>
    </ClCompile>
    <ClCompile Include="..\common\EulerCamera.cpp">
      <Filter>common\Source Files</Filter>
    </ClCompile>
    <ClCompile Include="..\common\SingleMeshLoader.cpp">
      <Filter>common\Source Files</Filter>
    </ClCompile>
    <ClCompile Include="..\common\text.cpp">
      <Filter>common\Source Files</Filter>
    </ClCompile>
    <ClCompile Include="..\common\Particle.cpp">
      <Filter>common\Source Files</Filter>
    </ClCompile>
    <ClCompile Include="..\common\Forces.cpp">
      <Filter>common\Source Files</Filter>
    </ClCompile>
    <ClCompile Include="..\common\ParticleSystem.cpp">
      <Filter>common\Source Files</Filter>
    </ClCompile>
  </ItemGroup>
  <ItemGroup>
    <ClInclude Include="..\common\Antons_maths_funcs.h">
      <Filter>common\Header Files</Filter>
    </ClInclude>
    <ClInclude Include="..\common\Defines.h">
      <Filter>common\Header Files</Filter>
    </ClInclude>
    <ClInclude Include="..\common\EulerCamera.h">
      <Filter>common\Header Files</Filter>
    </ClInclude>
    <ClInclude Include="..\common\Framebuffer.h">
      <Filter>common\Header Files</Filter>
    </ClInclude>
    <ClInclude Include="..\common\Shader.h">
      <Filter>common\Header Files</Filter>
    </ClInclude>
    <ClInclude Include="..\common\SingleMeshLoader.h">
      <Filter>common\Header Files</Filter>
    </ClInclude>
    <ClInclude Include="..\common\stb_image.h">
      <Filter>common\Header Files</Filter>
    </ClInclude>
    <ClInclude Include="..\common\teapot.h">
      <Filter>common\Header Files</Filter>
    </ClInclude>
    <ClInclude Include="..\common\text.h">
      <Filter>common\Header Files</Filter>
    </ClInclude>
    <ClInclude Include="..\common\Texture.h">
      <Filter>common\Header Files</Filter>
    </ClInclude>
    <ClInclude Include="..\common\Utilities.h">
      <Filter>common\Header Files</Filter>
    </ClInclude>
    <ClInclude Include="..\common\Particle.h">
      <Filter>common\Header Files</Filter>
    </ClInclude>
    <ClInclude Include="..\common\Forces.h">
      <Filter>common\Header Files</Filter>
    </ClInclude>
    <ClInclude Include="..\common\ParticleSystem.h">
      <Filter>common\Header Files</Filter>
    </ClInclude>
  </ItemGroup>
</Project>